
Microsoft Visual Studio Solution File, Format Version 12.00
# Visual Studio Version 17
VisualStudioVersion = 17.6.33815.320
MinimumVisualStudioVersion = 10.0.40219.1
Project("{FAE04EC0-301F-11D3-BF4B-00C04F79EFBC}") = "EF7Relationships", "EF7Relationships\EF7Relationships.csproj", "{9D9B16F2-861C-44AC-A064-4D902C1F62D7}"
EndProject
Global
	GlobalSection(SolutionConfigurationPlatforms) = preSolution
		Debug|Any CPU = Debug|Any CPU
		Release|Any CPU = Release|Any CPU
	EndGlobalSection
	GlobalSection(ProjectConfigurationPlatforms) = postSolution
		{9D9B16F2-861C-44AC-A064-4D902C1F62D7}.Debug|Any CPU.ActiveCfg = Debug|Any CPU
		{9D9B16F2-861C-44AC-A064-4D902C1F62D7}.Debug|Any CPU.Build.0 = Debug|Any CPU
		{9D9B16F2-861C-44AC-A064-4D902C1F62D7}.Release|Any CPU.ActiveCfg = Release|Any CPU
		{9D9B16F2-861C-44AC-A064-4D902C1F62D7}.Release|Any CPU.Build.0 = Release|Any CPU
	EndGlobalSection
	GlobalSection(SolutionProperties) = preSolution
		HideSolutionNode = FALSE
	EndGlobalSection
	GlobalSection(ExtensibilityGlobals) = postSolution
		SolutionGuid = {3A62AF31-0CEA-4ABA-B39C-56750EF6C7E3}
	EndGlobalSection
EndGlobal
